
Microsoft Visual Studio Solution File, Format Version 12.00
# Visual Studio Version 17
VisualStudioVersion = 17.1.32210.238
MinimumVisualStudioVersion = 10.0.40219.1
Project("{8BC9CEB8-8B4A-11D0-8D11-00A0C91BC942}") = "OOP20_HomeWork", "OOP20_HomeWork\OOP20_HomeWork.vcxproj", "{4845C9F1-BDC3-43C6-87FB-A8BB6DDB6925}"
EndProject
Global
	GlobalSection(SolutionConfigurationPlatforms) = preSolution
		Debug|x64 = Debug|x64
		Debug|x86 = Debug|x86
		Release|x64 = Release|x64
		Release|x86 = Release|x86
	EndGlobalSection
	GlobalSection(ProjectConfigurationPlatforms) = postSolution
		{4845C9F1-BDC3-43C6-87FB-A8BB6DDB6925}.Debug|x64.ActiveCfg = Debug|x64
		{4845C9F1-BDC3-43C6-87FB-A8BB6DDB6925}.Debug|x64.Build.0 = Debug|x64
		{4845C9F1-BDC3-43C6-87FB-A8BB6DDB6925}.Debug|x86.ActiveCfg = Debug|Win32
		{4845C9F1-BDC3-43C6-87FB-A8BB6DDB6925}.Debug|x86.Build.0 = Debug|Win32
		{4845C9F1-BDC3-43C6-87FB-A8BB6DDB6925}.Release|x64.ActiveCfg = Release|x64
		{4845C9F1-BDC3-43C6-87FB-A8BB6DDB6925}.Release|x64.Build.0 = Release|x64
		{4845C9F1-BDC3-43C6-87FB-A8BB6DDB6925}.Release|x86.ActiveCfg = Release|Win32
		{4845C9F1-BDC3-43C6-87FB-A8BB6DDB6925}.Release|x86.Build.0 = Release|Win32
	EndGlobalSection
	GlobalSection(SolutionProperties) = preSolution
		HideSolutionNode = FALSE
	EndGlobalSection
	GlobalSection(ExtensibilityGlobals) = postSolution
		SolutionGuid = {8810A2A6-EA84-46C1-BFB4-7EAE5F070BA8}
	EndGlobalSection
EndGlobal
